// !$*UTF8*$!
{
	archiveVersion = 1;
	classes = {
	};
	objectVersion = 55;
	objects = {

/* Begin PBXBuildFile section */
		069F7504272D4D4C007FCEAD /* AppDelegate.swift in Sources */ = {isa = PBXBuildFile; fileRef = 069F7503272D4D4C007FCEAD /* AppDelegate.swift */; };
		069F7506272D4D4C007FCEAD /* SceneDelegate.swift in Sources */ = {isa = PBXBuildFile; fileRef = 069F7505272D4D4C007FCEAD /* SceneDelegate.swift */; };
		069F7508272D4D4C007FCEAD /* ViewController.swift in Sources */ = {isa = PBXBuildFile; fileRef = 069F7507272D4D4C007FCEAD /* ViewController.swift */; };
		069F750B272D4D4C007FCEAD /* Main.storyboard in Resources */ = {isa = PBXBuildFile; fileRef = 069F7509272D4D4C007FCEAD /* Main.storyboard */; };
		069F750D272D4D4F007FCEAD /* Assets.xcassets in Resources */ = {isa = PBXBuildFile; fileRef = 069F750C272D4D4F007FCEAD /* Assets.xcassets */; };
		069F7510272D4D4F007FCEAD /* LaunchScreen.storyboard in Resources */ = {isa = PBXBuildFile; fileRef = 069F750E272D4D4F007FCEAD /* LaunchScreen.storyboard */; };
		069F751B272D4D4F007FCEAD /* campustaxiTests.swift in Sources */ = {isa = PBXBuildFile; fileRef = 069F751A272D4D4F007FCEAD /* campustaxiTests.swift */; };
		069F7525272D4D4F007FCEAD /* campustaxiUITests.swift in Sources */ = {isa = PBXBuildFile; fileRef = 069F7524272D4D4F007FCEAD /* campustaxiUITests.swift */; };
		069F7527272D4D4F007FCEAD /* campustaxiUITestsLaunchTests.swift in Sources */ = {isa = PBXBuildFile; fileRef = 069F7526272D4D4F007FCEAD /* campustaxiUITestsLaunchTests.swift */; };
		069F7534272D5718007FCEAD /* splash.png in Resources */ = {isa = PBXBuildFile; fileRef = 069F7533272D5718007FCEAD /* splash.png */; };
/* End PBXBuildFile section */

/* Begin PBXContainerItemProxy section */
		069F7517272D4D4F007FCEAD /* PBXContainerItemProxy */ = {
			isa = PBXContainerItemProxy;
			containerPortal = 069F74F8272D4D4C007FCEAD /* Project object */;
			proxyType = 1;
			remoteGlobalIDString = 069F74FF272D4D4C007FCEAD;
			remoteInfo = campustaxi;
		};
		069F7521272D4D4F007FCEAD /* PBXContainerItemProxy */ = {
			isa = PBXContainerItemProxy;
			containerPortal = 069F74F8272D4D4C007FCEAD /* Project object */;
			proxyType = 1;
			remoteGlobalIDString = 069F74FF272D4D4C007FCEAD;
			remoteInfo = campustaxi;
		};
/* End PBXContainerItemProxy section */

/* Begin PBXFileReference section */
		069F7500272D4D4C007FCEAD /* campustaxi.app */ = {isa = PBXFileReference; explicitFileType = wrapper.application; includeInIndex = 0; path = campustaxi.app; sourceTree = BUILT_PRODUCTS_DIR; };
		069F7503272D4D4C007FCEAD /* AppDelegate.swift */ = {isa = PBXFileReference; lastKnownFileType = sourcecode.swift; path = AppDelegate.swift; sourceTree = "<group>"; };
		069F7505272D4D4C007FCEAD /* SceneDelegate.swift */ = {isa = PBXFileReference; lastKnownFileType = sourcecode.swift; path = SceneDelegate.swift; sourceTree = "<group>"; };
		069F7507272D4D4C007FCEAD /* ViewController.swift */ = {isa = PBXFileReference; lastKnownFileType = sourcecode.swift; path = ViewController.swift; sourceTree = "<group>"; };
		069F750A272D4D4C007FCEAD /* Base */ = {isa = PBXFileReference; lastKnownFileType = file.storyboard; name = Base; path = Base.lproj/Main.storyboard; sourceTree = "<group>"; };
		069F750C272D4D4F007FCEAD /* Assets.xcassets */ = {isa = PBXFileReference; lastKnownFileType = folder.assetcatalog; path = Assets.xcassets; sourceTree = "<group>"; };
		069F750F272D4D4F007FCEAD /* Base */ = {isa = PBXFileReference; lastKnownFileType = file.storyboard; name = Base; path = Base.lproj/LaunchScreen.storyboard; sourceTree = "<group>"; };
		069F7511272D4D4F007FCEAD /* Info.plist */ = {isa = PBXFileReference; lastKnownFileType = text.plist.xml; path = Info.plist; sourceTree = "<group>"; };
		069F7516272D4D4F007FCEAD /* campustaxiTests.xctest */ = {isa = PBXFileReference; explicitFileType = wrapper.cfbundle; includeInIndex = 0; path = campustaxiTests.xctest; sourceTree = BUILT_PRODUCTS_DIR; };
		069F751A272D4D4F007FCEAD /* campustaxiTests.swift */ = {isa = PBXFileReference; lastKnownFileType = sourcecode.swift; path = campustaxiTests.swift; sourceTree = "<group>"; };
		069F7520272D4D4F007FCEAD /* campustaxiUITests.xctest */ = {isa = PBXFileReference; explicitFileType = wrapper.cfbundle; includeInIndex = 0; path = campustaxiUITests.xctest; sourceTree = BUILT_PRODUCTS_DIR; };
		069F7524272D4D4F007FCEAD /* campustaxiUITests.swift */ = {isa = PBXFileReference; lastKnownFileType = sourcecode.swift; path = campustaxiUITests.swift; sourceTree = "<group>"; };
		069F7526272D4D4F007FCEAD /* campustaxiUITestsLaunchTests.swift */ = {isa = PBXFileReference; lastKnownFileType = sourcecode.swift; path = campustaxiUITestsLaunchTests.swift; sourceTree = "<group>"; };
		069F7533272D5718007FCEAD /* splash.png */ = {isa = PBXFileReference; lastKnownFileType = image.png; path = splash.png; sourceTree = "<group>"; };
/* End PBXFileReference section */

/* Begin PBXFrameworksBuildPhase section */
		069F74FD272D4D4C007FCEAD /* Frameworks */ = {
			isa = PBXFrameworksBuildPhase;
			buildActionMask = 2147483647;
			files = (
			);
			runOnlyForDeploymentPostprocessing = 0;
		};
		069F7513272D4D4F007FCEAD /* Frameworks */ = {
			isa = PBXFrameworksBuildPhase;
			buildActionMask = 2147483647;
			files = (
			);
			runOnlyForDeploymentPostprocessing = 0;
		};
		069F751D272D4D4F007FCEAD /* Frameworks */ = {
			isa = PBXFrameworksBuildPhase;
			buildActionMask = 2147483647;
			files = (
			);
			runOnlyForDeploymentPostprocessing = 0;
		};
/* End PBXFrameworksBuildPhase section */

/* Begin PBXGroup section */
		069F74F7272D4D4C007FCEAD = {
			isa = PBXGroup;
			children = (
				069F7502272D4D4C007FCEAD /* campustaxi */,
				069F7519272D4D4F007FCEAD /* campustaxiTests */,
				069F7523272D4D4F007FCEAD /* campustaxiUITests */,
				069F7501272D4D4C007FCEAD /* Products */,
			);
			sourceTree = "<group>";
		};
		069F7501272D4D4C007FCEAD /* Products */ = {
			isa = PBXGroup;
			children = (
				069F7500272D4D4C007FCEAD /* campustaxi.app */,
				069F7516272D4D4F007FCEAD /* campustaxiTests.xctest */,
				069F7520272D4D4F007FCEAD /* campustaxiUITests.xctest */,
			);
			name = Products;
			sourceTree = "<group>";
		};
		069F7502272D4D4C007FCEAD /* campustaxi */ = {
			isa = PBXGroup;
			children = (
				069F7533272D5718007FCEAD /* splash.png */,
				069F7503272D4D4C007FCEAD /* AppDelegate.swift */,
				069F7505272D4D4C007FCEAD /* SceneDelegate.swift */,
				069F7507272D4D4C007FCEAD /* ViewController.swift */,
				069F7509272D4D4C007FCEAD /* Main.storyboard */,
				069F750C272D4D4F007FCEAD /* Assets.xcassets */,
				069F750E272D4D4F007FCEAD /* LaunchScreen.storyboard */,
				069F7511272D4D4F007FCEAD /* Info.plist */,
			);
			path = campustaxi;
			sourceTree = "<group>";
		};
		069F7519272D4D4F007FCEAD /* campustaxiTests */ = {
			isa = PBXGroup;
			children = (
				069F751A272D4D4F007FCEAD /* campustaxiTests.swift */,
			);
			path = campustaxiTests;
			sourceTree = "<group>";
		};
		069F7523272D4D4F007FCEAD /* campustaxiUITests */ = {
			isa = PBXGroup;
			children = (
				069F7524272D4D4F007FCEAD /* campustaxiUITests.swift */,
				069F7526272D4D4F007FCEAD /* campustaxiUITestsLaunchTests.swift */,
			);
			path = campustaxiUITests;
			sourceTree = "<group>";
		};
/* End PBXGroup section */

/* Begin PBXNativeTarget section */
		069F74FF272D4D4C007FCEAD /* campustaxi */ = {
			isa = PBXNativeTarget;
			buildConfigurationList = 069F752A272D4D4F007FCEAD /* Build configuration list for PBXNativeTarget "campustaxi" */;
			buildPhases = (
				069F74FC272D4D4C007FCEAD /* Sources */,
				069F74FD272D4D4C007FCEAD /* Frameworks */,
				069F74FE272D4D4C007FCEAD /* Resources */,
			);
			buildRules = (
			);
			dependencies = (
			);
			name = campustaxi;
			productName = campustaxi;
			productReference = 069F7500272D4D4C007FCEAD /* campustaxi.app */;
			productType = "com.apple.product-type.application";
		};
		069F7515272D4D4F007FCEAD /* campustaxiTests */ = {
			isa = PBXNativeTarget;
			buildConfigurationList = 069F752D272D4D4F007FCEAD /* Build configuration list for PBXNativeTarget "campustaxiTests" */;
			buildPhases = (
				069F7512272D4D4F007FCEAD /* Sources */,
				069F7513272D4D4F007FCEAD /* Frameworks */,
				069F7514272D4D4F007FCEAD /* Resources */,
			);
			buildRules = (
			);
			dependencies = (
				069F7518272D4D4F007FCEAD /* PBXTargetDependency */,
			);
			name = campustaxiTests;
			productName = campustaxiTests;
			productReference = 069F7516272D4D4F007FCEAD /* campustaxiTests.xctest */;
			productType = "com.apple.product-type.bundle.unit-test";
		};
		069F751F272D4D4F007FCEAD /* campustaxiUITests */ = {
			isa = PBXNativeTarget;
			buildConfigurationList = 069F7530272D4D4F007FCEAD /* Build configuration list for PBXNativeTarget "campustaxiUITests" */;
			buildPhases = (
				069F751C272D4D4F007FCEAD /* Sources */,
				069F751D272D4D4F007FCEAD /* Frameworks */,
				069F751E272D4D4F007FCEAD /* Resources */,
			);
			buildRules = (
			);
			dependencies = (
				069F7522272D4D4F007FCEAD /* PBXTargetDependency */,
			);
			name = campustaxiUITests;
			productName = campustaxiUITests;
			productReference = 069F7520272D4D4F007FCEAD /* campustaxiUITests.xctest */;
			productType = "com.apple.product-type.bundle.ui-testing";
		};
/* End PBXNativeTarget section */

/* Begin PBXProject section */
		069F74F8272D4D4C007FCEAD /* Project object */ = {
			isa = PBXProject;
			attributes = {
				BuildIndependentTargetsInParallel = 1;
				LastSwiftUpdateCheck = 1300;
				LastUpgradeCheck = 1300;
				TargetAttributes = {
					069F74FF272D4D4C007FCEAD = {
						CreatedOnToolsVersion = 13.0;
					};
					069F7515272D4D4F007FCEAD = {
						CreatedOnToolsVersion = 13.0;
						TestTargetID = 069F74FF272D4D4C007FCEAD;
					};
					069F751F272D4D4F007FCEAD = {
						CreatedOnToolsVersion = 13.0;
						TestTargetID = 069F74FF272D4D4C007FCEAD;
					};
				};
			};
			buildConfigurationList = 069F74FB272D4D4C007FCEAD /* Build configuration list for PBXProject "campustaxi" */;
			compatibilityVersion = "Xcode 13.0";
			developmentRegion = en;
			hasScannedForEncodings = 0;
			knownRegions = (
				en,
				Base,
			);
			mainGroup = 069F74F7272D4D4C007FCEAD;
			productRefGroup = 069F7501272D4D4C007FCEAD /* Products */;
			projectDirPath = "";
			projectRoot = "";
			targets = (
				069F74FF272D4D4C007FCEAD /* campustaxi */,
				069F7515272D4D4F007FCEAD /* campustaxiTests */,
				069F751F272D4D4F007FCEAD /* campustaxiUITests */,
			);
		};
/* End PBXProject section */

/* Begin PBXResourcesBuildPhase section */
		069F74FE272D4D4C007FCEAD /* Resources */ = {
			isa = PBXResourcesBuildPhase;
			buildActionMask = 2147483647;
			files = (
				069F7534272D5718007FCEAD /* splash.png in Resources */,
				069F7510272D4D4F007FCEAD /* LaunchScreen.storyboard in Resources */,
				069F750D272D4D4F007FCEAD /* Assets.xcassets in Resources */,
				069F750B272D4D4C007FCEAD /* Main.storyboard in Resources */,
			);
			runOnlyForDeploymentPostprocessing = 0;
		};
		069F7514272D4D4F007FCEAD /* Resources */ = {
			isa = PBXResourcesBuildPhase;
			buildActionMask = 2147483647;
			files = (
			);
			runOnlyForDeploymentPostprocessing = 0;
		};
		069F751E272D4D4F007FCEAD /* Resources */ = {
			isa = PBXResourcesBuildPhase;
			buildActionMask = 2147483647;
			files = (
			);
			runOnlyForDeploymentPostprocessing = 0;
		};
/* End PBXResourcesBuildPhase section */

/* Begin PBXSourcesBuildPhase section */
		069F74FC272D4D4C007FCEAD /* Sources */ = {
			isa = PBXSourcesBuildPhase;
			buildActionMask = 2147483647;
			files = (
				069F7508272D4D4C007FCEAD /* ViewController.swift in Sources */,
				069F7504272D4D4C007FCEAD /* AppDelegate.swift in Sources */,
				069F7506272D4D4C007FCEAD /* SceneDelegate.swift in Sources */,
			);
			runOnlyForDeploymentPostprocessing = 0;
		};
		069F7512272D4D4F007FCEAD /* Sources */ = {
			isa = PBXSourcesBuildPhase;
			buildActionMask = 2147483647;
			files = (
				069F751B272D4D4F007FCEAD /* campustaxiTests.swift in Sources */,
			);
			runOnlyForDeploymentPostprocessing = 0;
		};
		069F751C272D4D4F007FCEAD /* Sources */ = {
			isa = PBXSourcesBuildPhase;
			buildActionMask = 2147483647;
			files = (
				069F7525272D4D4F007FCEAD /* campustaxiUITests.swift in Sources */,
				069F7527272D4D4F007FCEAD /* campustaxiUITestsLaunchTests.swift in Sources */,
			);
			runOnlyForDeploymentPostprocessing = 0;
		};
/* End PBXSourcesBuildPhase section */

/* Begin PBXTargetDependency section */
		069F7518272D4D4F007FCEAD /* PBXTargetDependency */ = {
			isa = PBXTargetDependency;
			target = 069F74FF272D4D4C007FCEAD /* campustaxi */;
			targetProxy = 069F7517272D4D4F007FCEAD /* PBXContainerItemProxy */;
		};
		069F7522272D4D4F007FCEAD /* PBXTargetDependency */ = {
			isa = PBXTargetDependency;
			target = 069F74FF272D4D4C007FCEAD /* campustaxi */;
			targetProxy = 069F7521272D4D4F007FCEAD /* PBXContainerItemProxy */;
		};
/* End PBXTargetDependency section */

/* Begin PBXVariantGroup section */
		069F7509272D4D4C007FCEAD /* Main.storyboard */ = {
			isa = PBXVariantGroup;
			children = (
				069F750A272D4D4C007FCEAD /* Base */,
			);
			name = Main.storyboard;
			sourceTree = "<group>";
		};
		069F750E272D4D4F007FCEAD /* LaunchScreen.storyboard */ = {
			isa = PBXVariantGroup;
			children = (
				069F750F272D4D4F007FCEAD /* Base */,
			);
			name = LaunchScreen.storyboard;
			sourceTree = "<group>";
		};
/* End PBXVariantGroup section */

/* Begin XCBuildConfiguration section */
		069F7528272D4D4F007FCEAD /* Debug */ = {
			isa = XCBuildConfiguration;
			buildSettings = {
				ALWAYS_SEARCH_USER_PATHS = NO;
				CLANG_ANALYZER_NONNULL = YES;
				CLANG_ANALYZER_NUMBER_OBJECT_CONVERSION = YES_AGGRESSIVE;
				CLANG_CXX_LANGUAGE_STANDARD = "gnu++17";
				CLANG_CXX_LIBRARY = "libc++";
				CLANG_ENABLE_MODULES = YES;
				CLANG_ENABLE_OBJC_ARC = YES;
				CLANG_ENABLE_OBJC_WEAK = YES;
				CLANG_WARN_BLOCK_CAPTURE_AUTORELEASING = YES;
				CLANG_WARN_BOOL_CONVERSION = YES;
				CLANG_WARN_COMMA = YES;
				CLANG_WARN_CONSTANT_CONVERSION = YES;
				CLANG_WARN_DEPRECATED_OBJC_IMPLEMENTATIONS = YES;
				CLANG_WARN_DIRECT_OBJC_ISA_USAGE = YES_ERROR;
				CLANG_WARN_DOCUMENTATION_COMMENTS = YES;
				CLANG_WARN_EMPTY_BODY = YES;
				CLANG_WARN_ENUM_CONVERSION = YES;
				CLANG_WARN_INFINITE_RECURSION = YES;
				CLANG_WARN_INT_CONVERSION = YES;
				CLANG_WARN_NON_LITERAL_NULL_CONVERSION = YES;
				CLANG_WARN_OBJC_IMPLICIT_RETAIN_SELF = YES;
				CLANG_WARN_OBJC_LITERAL_CONVERSION = YES;
				CLANG_WARN_OBJC_ROOT_CLASS = YES_ERROR;
				CLANG_WARN_QUOTED_INCLUDE_IN_FRAMEWORK_HEADER = YES;
				CLANG_WARN_RANGE_LOOP_ANALYSIS = YES;
				CLANG_WARN_STRICT_PROTOTYPES = YES;
				CLANG_WARN_SUSPICIOUS_MOVE = YES;
				CLANG_WARN_UNGUARDED_AVAILABILITY = YES_AGGRESSIVE;
				CLANG_WARN_UNREACHABLE_CODE = YES;
				CLANG_WARN__DUPLICATE_METHOD_MATCH = YES;
				COPY_PHASE_STRIP = NO;
				DEBUG_INFORMATION_FORMAT = dwarf;
				ENABLE_STRICT_OBJC_MSGSEND = YES;
				ENABLE_TESTABILITY = YES;
				GCC_C_LANGUAGE_STANDARD = gnu11;
				GCC_DYNAMIC_NO_PIC = NO;
				GCC_NO_COMMON_BLOCKS = YES;
				GCC_OPTIMIZATION_LEVEL = 0;
				GCC_PREPROCESSOR_DEFINITIONS = (
					"DEBUG=1",
					"$(inherited)",
				);
				GCC_WARN_64_TO_32_BIT_CONVERSION = YES;
				GCC_WARN_ABOUT_RETURN_TYPE = YES_ERROR;
				GCC_WARN_UNDECLARED_SELECTOR = YES;
				GCC_WARN_UNINITIALIZED_AUTOS = YES_AGGRESSIVE;
				GCC_WARN_UNUSED_FUNCTION = YES;
				GCC_WARN_UNUSED_VARIABLE = YES;
				IPHONEOS_DEPLOYMENT_TARGET = 11.0;
				MTL_ENABLE_DEBUG_INFO = INCLUDE_SOURCE;
				MTL_FAST_MATH = YES;
				ONLY_ACTIVE_ARCH = YES;
				SDKROOT = iphoneos;
				SWIFT_ACTIVE_COMPILATION_CONDITIONS = DEBUG;
				SWIFT_OPTIMIZATION_LEVEL = "-Onone";
			};
			name = Debug;
		};
		069F7529272D4D4F007FCEAD /* Release */ = {
			isa = XCBuildConfiguration;
			buildSettings = {
				ALWAYS_SEARCH_USER_PATHS = NO;
				CLANG_ANALYZER_NONNULL = YES;
				CLANG_ANALYZER_NUMBER_OBJECT_CONVERSION = YES_AGGRESSIVE;
				CLANG_CXX_LANGUAGE_STANDARD = "gnu++17";
				CLANG_CXX_LIBRARY = "libc++";
				CLANG_ENABLE_MODULES = YES;
				CLANG_ENABLE_OBJC_ARC = YES;
				CLANG_ENABLE_OBJC_WEAK = YES;
				CLANG_WARN_BLOCK_CAPTURE_AUTORELEASING = YES;
				CLANG_WARN_BOOL_CONVERSION = YES;
				CLANG_WARN_COMMA = YES;
				CLANG_WARN_CONSTANT_CONVERSION = YES;
				CLANG_WARN_DEPRECATED_OBJC_IMPLEMENTATIONS = YES;
				CLANG_WARN_DIRECT_OBJC_ISA_USAGE = YES_ERROR;
				CLANG_WARN_DOCUMENTATION_COMMENTS = YES;
				CLANG_WARN_EMPTY_BODY = YES;
				CLANG_WARN_ENUM_CONVERSION = YES;
				CLANG_WARN_INFINITE_RECURSION = YES;
				CLANG_WARN_INT_CONVERSION = YES;
				CLANG_WARN_NON_LITERAL_NULL_CONVERSION = YES;
				CLANG_WARN_OBJC_IMPLICIT_RETAIN_SELF = YES;
				CLANG_WARN_OBJC_LITERAL_CONVERSION = YES;
				CLANG_WARN_OBJC_ROOT_CLASS = YES_ERROR;
				CLANG_WARN_QUOTED_INCLUDE_IN_FRAMEWORK_HEADER = YES;
				CLANG_WARN_RANGE_LOOP_ANALYSIS = YES;
				CLANG_WARN_STRICT_PROTOTYPES = YES;
				CLANG_WARN_SUSPICIOUS_MOVE = YES;
				CLANG_WARN_UNGUARDED_AVAILABILITY = YES_AGGRESSIVE;
				CLANG_WARN_UNREACHABLE_CODE = YES;
				CLANG_WARN__DUPLICATE_METHOD_MATCH = YES;
				COPY_PHASE_STRIP = NO;
				DEBUG_INFORMATION_FORMAT = "dwarf-with-dsym";
				ENABLE_NS_ASSERTIONS = NO;
				ENABLE_STRICT_OBJC_MSGSEND = YES;
				GCC_C_LANGUAGE_STANDARD = gnu11;
				GCC_NO_COMMON_BLOCKS = YES;
				GCC_WARN_64_TO_32_BIT_CONVERSION = YES;
				GCC_WARN_ABOUT_RETURN_TYPE = YES_ERROR;
				GCC_WARN_UNDECLARED_SELECTOR = YES;
				GCC_WARN_UNINITIALIZED_AUTOS = YES_AGGRESSIVE;
				GCC_WARN_UNUSED_FUNCTION = YES;
				GCC_WARN_UNUSED_VARIABLE = YES;
				IPHONEOS_DEPLOYMENT_TARGET = 11.0;
				MTL_ENABLE_DEBUG_INFO = NO;
				MTL_FAST_MATH = YES;
				SDKROOT = iphoneos;
				SWIFT_COMPILATION_MODE = wholemodule;
				SWIFT_OPTIMIZATION_LEVEL = "-O";
				VALIDATE_PRODUCT = YES;
			};
			name = Release;
		};
		069F752B272D4D4F007FCEAD /* Debug */ = {
			isa = XCBuildConfiguration;
			buildSettings = {
				ASSETCATALOG_COMPILER_APPICON_NAME = AppIcon;
				ASSETCATALOG_COMPILER_GLOBAL_ACCENT_COLOR_NAME = AccentColor;
				CODE_SIGN_STYLE = Automatic;
				CURRENT_PROJECT_VERSION = 2;
				DEVELOPMENT_TEAM = U9VA2386V7;
				GENERATE_INFOPLIST_FILE = YES;
				INFOPLIST_FILE = campustaxi/Info.plist;
				INFOPLIST_KEY_CFBundleDisplayName = "캠퍼스택시";
				INFOPLIST_KEY_NSCameraUsageDescription = "카메라를 사용하기 위해서 필요합니다.";
				INFOPLIST_KEY_NSPhotoLibraryAddUsageDescription = "사진을 보기위해 권한이 필요합니다.";
				INFOPLIST_KEY_NSPhotoLibraryUsageDescription = "사진 권한이 필요합니다.";
				INFOPLIST_KEY_UIApplicationSupportsIndirectInputEvents = YES;
				INFOPLIST_KEY_UILaunchStoryboardName = LaunchScreen;
				INFOPLIST_KEY_UIMainStoryboardFile = Main;
				INFOPLIST_KEY_UISupportedInterfaceOrientations_iPad = "UIInterfaceOrientationPortrait UIInterfaceOrientationPortraitUpsideDown UIInterfaceOrientationLandscapeLeft UIInterfaceOrientationLandscapeRight";
				INFOPLIST_KEY_UISupportedInterfaceOrientations_iPhone = "UIInterfaceOrientationPortrait UIInterfaceOrientationLandscapeLeft UIInterfaceOrientationLandscapeRight";
				LD_RUNPATH_SEARCH_PATHS = (
					"$(inherited)",
					"@executable_path/Frameworks",
				);
				MARKETING_VERSION = 4.1.1;
				PRODUCT_BUNDLE_IDENTIFIER = com.campustaxi.campustaxi;
				PRODUCT_NAME = "$(TARGET_NAME)";
				SWIFT_EMIT_LOC_STRINGS = YES;
				SWIFT_VERSION = 5.0;
				TARGETED_DEVICE_FAMILY = "1,2";
			};
			name = Debug;
		};
		069F752C272D4D4F007FCEAD /* Release */ = {
			isa = XCBuildConfiguration;
			buildSettings = {
				ASSETCATALOG_COMPILER_APPICON_NAME = AppIcon;
				ASSETCATALOG_COMPILER_GLOBAL_ACCENT_COLOR_NAME = AccentColor;
				CODE_SIGN_STYLE = Automatic;
				CURRENT_PROJECT_VERSION = 2;
				DEVELOPMENT_TEAM = U9VA2386V7;
				GENERATE_INFOPLIST_FILE = YES;
				INFOPLIST_FILE = campustaxi/Info.plist;
				INFOPLIST_KEY_CFBundleDisplayName = "캠퍼스택시";
				INFOPLIST_KEY_NSCameraUsageDescription = "카메라를 사용하기 위해서 필요합니다.";
				INFOPLIST_KEY_NSPhotoLibraryAddUsageDescription = "사진을 보기위해 권한이 필요합니다.";
				INFOPLIST_KEY_NSPhotoLibraryUsageDescription = "사진 권한이 필요합니다.";
				INFOPLIST_KEY_UIApplicationSupportsIndirectInputEvents = YES;
				INFOPLIST_KEY_UILaunchStoryboardName = LaunchScreen;
				INFOPLIST_KEY_UIMainStoryboardFile = Main;
				INFOPLIST_KEY_UISupportedInterfaceOrientations_iPad = "UIInterfaceOrientationPortrait UIInterfaceOrientationPortraitUpsideDown UIInterfaceOrientationLandscapeLeft UIInterfaceOrientationLandscapeRight";
				INFOPLIST_KEY_UISupportedInterfaceOrientations_iPhone = "UIInterfaceOrientationPortrait UIInterfaceOrientationLandscapeLeft UIInterfaceOrientationLandscapeRight";
				LD_RUNPATH_SEARCH_PATHS = (
					"$(inherited)",
					"@executable_path/Frameworks",
				);
				MARKETING_VERSION = 4.1.1;
				PRODUCT_BUNDLE_IDENTIFIER = com.campustaxi.campustaxi;
				PRODUCT_NAME = "$(TARGET_NAME)";
				SWIFT_EMIT_LOC_STRINGS = YES;
				SWIFT_VERSION = 5.0;
				TARGETED_DEVICE_FAMILY = "1,2";
			};
			name = Release;
		};
		069F752E272D4D4F007FCEAD /* Debug */ = {
			isa = XCBuildConfiguration;
			buildSettings = {
				ALWAYS_EMBED_SWIFT_STANDARD_LIBRARIES = YES;
				BUNDLE_LOADER = "$(TEST_HOST)";
				CODE_SIGN_STYLE = Automatic;
				CURRENT_PROJECT_VERSION = 1;
				DEVELOPMENT_TEAM = U9VA2386V7;
				GENERATE_INFOPLIST_FILE = YES;
				IPHONEOS_DEPLOYMENT_TARGET = 15.0;
				LD_RUNPATH_SEARCH_PATHS = (
					"$(inherited)",
					"@executable_path/Frameworks",
					"@loader_path/Frameworks",
				);
				MARKETING_VERSION = 1.0;
				PRODUCT_BUNDLE_IDENTIFIER = com.campustaxi.campustaxiTests;
				PRODUCT_NAME = "$(TARGET_NAME)";
				SWIFT_EMIT_LOC_STRINGS = NO;
				SWIFT_VERSION = 5.0;
				TARGETED_DEVICE_FAMILY = "1,2";
				TEST_HOST = "$(BUILT_PRODUCTS_DIR)/campustaxi.app/campustaxi";
			};
			name = Debug;
		};
		069F752F272D4D4F007FCEAD /* Release */ = {
			isa = XCBuildConfiguration;
			buildSettings = {
				ALWAYS_EMBED_SWIFT_STANDARD_LIBRARIES = YES;
				BUNDLE_LOADER = "$(TEST_HOST)";
				CODE_SIGN_STYLE = Automatic;
				CURRENT_PROJECT_VERSION = 1;
				DEVELOPMENT_TEAM = U9VA2386V7;
				GENERATE_INFOPLIST_FILE = YES;
				IPHONEOS_DEPLOYMENT_TARGET = 15.0;
				LD_RUNPATH_SEARCH_PATHS = (
					"$(inherited)",
					"@executable_path/Frameworks",
					"@loader_path/Frameworks",
				);
				MARKETING_VERSION = 1.0;
				PRODUCT_BUNDLE_IDENTIFIER = com.campustaxi.campustaxiTests;
				PRODUCT_NAME = "$(TARGET_NAME)";
				SWIFT_EMIT_LOC_STRINGS = NO;
				SWIFT_VERSION = 5.0;
				TARGETED_DEVICE_FAMILY = "1,2";
				TEST_HOST = "$(BUILT_PRODUCTS_DIR)/campustaxi.app/campustaxi";
			};
			name = Release;
		};
		069F7531272D4D4F007FCEAD /* Debug */ = {
			isa = XCBuildConfiguration;
			buildSettings = {
				ALWAYS_EMBED_SWIFT_STANDARD_LIBRARIES = YES;
				CODE_SIGN_STYLE = Automatic;
				CURRENT_PROJECT_VERSION = 1;
				DEVELOPMENT_TEAM = U9VA2386V7;
				GENERATE_INFOPLIST_FILE = YES;
				LD_RUNPATH_SEARCH_PATHS = (
					"$(inherited)",
					"@executable_path/Frameworks",
					"@loader_path/Frameworks",
				);
				MARKETING_VERSION = 1.0;
				PRODUCT_BUNDLE_IDENTIFIER = com.campustaxi.campustaxiUITests;
				PRODUCT_NAME = "$(TARGET_NAME)";
				SWIFT_EMIT_LOC_STRINGS = NO;
				SWIFT_VERSION = 5.0;
				TARGETED_DEVICE_FAMILY = "1,2";
				TEST_TARGET_NAME = campustaxi;
			};
			name = Debug;
		};
		069F7532272D4D4F007FCEAD /* Release */ = {
			isa = XCBuildConfiguration;
			buildSettings = {
				ALWAYS_EMBED_SWIFT_STANDARD_LIBRARIES = YES;
				CODE_SIGN_STYLE = Automatic;
				CURRENT_PROJECT_VERSION = 1;
				DEVELOPMENT_TEAM = U9VA2386V7;
				GENERATE_INFOPLIST_FILE = YES;
				LD_RUNPATH_SEARCH_PATHS = (
					"$(inherited)",
					"@executable_path/Frameworks",
					"@loader_path/Frameworks",
				);
				MARKETING_VERSION = 1.0;
				PRODUCT_BUNDLE_IDENTIFIER = com.campustaxi.campustaxiUITests;
				PRODUCT_NAME = "$(TARGET_NAME)";
				SWIFT_EMIT_LOC_STRINGS = NO;
				SWIFT_VERSION = 5.0;
				TARGETED_DEVICE_FAMILY = "1,2";
				TEST_TARGET_NAME = campustaxi;
			};
			name = Release;
		};
/* End XCBuildConfiguration section */

/* Begin XCConfigurationList section */
		069F74FB272D4D4C007FCEAD /* Build configuration list for PBXProject "campustaxi" */ = {
			isa = XCConfigurationList;
			buildConfigurations = (
				069F7528272D4D4F007FCEAD /* Debug */,
				069F7529272D4D4F007FCEAD /* Release */,
			);
			defaultConfigurationIsVisible = 0;
			defaultConfigurationName = Release;
		};
		069F752A272D4D4F007FCEAD /* Build configuration list for PBXNativeTarget "campustaxi" */ = {
			isa = XCConfigurationList;
			buildConfigurations = (
				069F752B272D4D4F007FCEAD /* Debug */,
				069F752C272D4D4F007FCEAD /* Release */,
			);
			defaultConfigurationIsVisible = 0;
			defaultConfigurationName = Release;
		};
		069F752D272D4D4F007FCEAD /* Build configuration list for PBXNativeTarget "campustaxiTests" */ = {
			isa = XCConfigurationList;
			buildConfigurations = (
				069F752E272D4D4F007FCEAD /* Debug */,
				069F752F272D4D4F007FCEAD /* Release */,
			);
			defaultConfigurationIsVisible = 0;
			defaultConfigurationName = Release;
		};
		069F7530272D4D4F007FCEAD /* Build configuration list for PBXNativeTarget "campustaxiUITests" */ = {
			isa = XCConfigurationList;
			buildConfigurations = (
				069F7531272D4D4F007FCEAD /* Debug */,
				069F7532272D4D4F007FCEAD /* Release */,
			);
			defaultConfigurationIsVisible = 0;
			defaultConfigurationName = Release;
		};
/* End XCConfigurationList section */
	};
	rootObject = 069F74F8272D4D4C007FCEAD /* Project object */;
}
